DEPENDENCIES
  apt (~> 7.1.1)
  employee_database
    path: .
    metadata: true
  mysql (~> 8.5.1)
  nginx (~> 9.0.0)

GRAPH
  apt (7.1.1)
  build-essential (8.2.1)
    mingw (>= 1.1)
    seven_zip (>= 0.0.0)
  employee_database (0.1.0)
    apt (~> 7.1.1)
    mysql (~> 8.0)
    nginx (~> 9.0.0)
  mingw (2.1.0)
    seven_zip (>= 0.0.0)
  mysql (8.5.1)
  nginx (9.0.0)
    build-essential (>= 5.0)
    ohai (>= 4.1.0)
    yum-epel (>= 0.0.0)
  ohai (5.2.5)
  seven_zip (3.1.0)
    windows (>= 0.0.0)
  windows (5.3.0)
  yum-epel (3.3.0)
